
Microsoft Visual Studio Solution File, Format Version 12.00
# Visual Studio Version 16
VisualStudioVersion = 16.0.32106.194
MinimumVisualStudioVersion = 10.0.40219.1
Project("{FAE04EC0-301F-11D3-BF4B-00C04F79EFBC}") = "WebForm", "WebForms\WebForm.csproj", "{B95BB9CC-B833-4E2F-BE6A-9FBC694E46C7}"
	ProjectSection(ProjectDependencies) = postProject
		{6191FAFE-22B6-4BF8-85C6-61408C4BEF27} = {6191FAFE-22B6-4BF8-85C6-61408C4BEF27}
	EndProjectSection
EndProject
Project("{FAE04EC0-301F-11D3-BF4B-00C04F79EFBC}") = "WCFServiceHost", "WCFServiceHost\WCFServiceHost.csproj", "{6191FAFE-22B6-4BF8-85C6-61408C4BEF27}"
EndProject
Project("{9A19103F-16F7-4668-BE54-9A1E7A4F7556}") = "WebAPI", "WebAPI\WebAPI.csproj", "{40532879-1418-4B2B-B91E-E1B7917A96B2}"
EndProject
Project("{9A19103F-16F7-4668-BE54-9A1E7A4F7556}") = "WebMVC", "WebMVC\WebMVC.csproj", "{E24987B0-3704-4C5B-A596-602C01D75F8E}"
EndProject
Project("{FAE04EC0-301F-11D3-BF4B-00C04F79EFBC}") = "WebFormGTI", "WebFormGTI\WebFormGTI.csproj", "{B353C825-F5CB-4D35-9960-5FF2BD73EEB2}"
	ProjectSection(ProjectDependencies) = postProject
		{6191FAFE-22B6-4BF8-85C6-61408C4BEF27} = {6191FAFE-22B6-4BF8-85C6-61408C4BEF27}
	EndProjectSection
EndProject
Global
	GlobalSection(SolutionConfigurationPlatforms) = preSolution
		Debug|Any CPU = Debug|Any CPU
		Release|Any CPU = Release|Any CPU
	EndGlobalSection
	GlobalSection(ProjectConfigurationPlatforms) = postSolution
		{B95BB9CC-B833-4E2F-BE6A-9FBC694E46C7}.Debug|Any CPU.ActiveCfg = Debug|Any CPU
		{B95BB9CC-B833-4E2F-BE6A-9FBC694E46C7}.Debug|Any CPU.Build.0 = Debug|Any CPU
		{B95BB9CC-B833-4E2F-BE6A-9FBC694E46C7}.Release|Any CPU.ActiveCfg = Release|Any CPU
		{B95BB9CC-B833-4E2F-BE6A-9FBC694E46C7}.Release|Any CPU.Build.0 = Release|Any CPU
		{6191FAFE-22B6-4BF8-85C6-61408C4BEF27}.Debug|Any CPU.ActiveCfg = Debug|Any CPU
		{6191FAFE-22B6-4BF8-85C6-61408C4BEF27}.Debug|Any CPU.Build.0 = Debug|Any CPU
		{6191FAFE-22B6-4BF8-85C6-61408C4BEF27}.Release|Any CPU.ActiveCfg = Release|Any CPU
		{6191FAFE-22B6-4BF8-85C6-61408C4BEF27}.Release|Any CPU.Build.0 = Release|Any CPU
		{40532879-1418-4B2B-B91E-E1B7917A96B2}.Debug|Any CPU.ActiveCfg = Debug|Any CPU
		{40532879-1418-4B2B-B91E-E1B7917A96B2}.Debug|Any CPU.Build.0 = Debug|Any CPU
		{40532879-1418-4B2B-B91E-E1B7917A96B2}.Release|Any CPU.ActiveCfg = Release|Any CPU
		{40532879-1418-4B2B-B91E-E1B7917A96B2}.Release|Any CPU.Build.0 = Release|Any CPU
		{E24987B0-3704-4C5B-A596-602C01D75F8E}.Debug|Any CPU.ActiveCfg = Debug|Any CPU
		{E24987B0-3704-4C5B-A596-602C01D75F8E}.Debug|Any CPU.Build.0 = Debug|Any CPU
		{E24987B0-3704-4C5B-A596-602C01D75F8E}.Release|Any CPU.ActiveCfg = Release|Any CPU
		{E24987B0-3704-4C5B-A596-602C01D75F8E}.Release|Any CPU.Build.0 = Release|Any CPU
		{B353C825-F5CB-4D35-9960-5FF2BD73EEB2}.Debug|Any CPU.ActiveCfg = Debug|Any CPU
		{B353C825-F5CB-4D35-9960-5FF2BD73EEB2}.Debug|Any CPU.Build.0 = Debug|Any CPU
		{B353C825-F5CB-4D35-9960-5FF2BD73EEB2}.Release|Any CPU.ActiveCfg = Release|Any CPU
		{B353C825-F5CB-4D35-9960-5FF2BD73EEB2}.Release|Any CPU.Build.0 = Release|Any CPU
	EndGlobalSection
	GlobalSection(SolutionProperties) = preSolution
		HideSolutionNode = FALSE
	EndGlobalSection
	GlobalSection(ExtensibilityGlobals) = postSolution
		SolutionGuid = {5FF00737-32A4-4301-9797-1C6E7FFF4F22}
	EndGlobalSection
EndGlobal
